
Microsoft Visual Studio Solution File, Format Version 12.00
# Visual Studio Version 17
VisualStudioVersion = 17.8.34511.84
MinimumVisualStudioVersion = 10.0.40219.1
Project("{FAE04EC0-301F-11D3-BF4B-00C04F79EFBC}") = "MyFirstConsole", "MyFirstConsole\MyFirstConsole.csproj", "{BEC2269B-737C-447A-923C-6F96D4267291}"
EndProject
Project("{FAE04EC0-301F-11D3-BF4B-00C04F79EFBC}") = "MySecondConsole", "MySecondConsole\MySecondConsole.csproj", "{D1831EE3-4929-4042-B109-23099B1DDA81}"
EndProject
Global
	GlobalSection(SolutionConfigurationPlatforms) = preSolution
		Debug|Any CPU = Debug|Any CPU
		Release|Any CPU = Release|Any CPU
	EndGlobalSection
	GlobalSection(ProjectConfigurationPlatforms) = postSolution
		{BEC2269B-737C-447A-923C-6F96D4267291}.Debug|Any CPU.ActiveCfg = Debug|Any CPU
		{BEC2269B-737C-447A-923C-6F96D4267291}.Debug|Any CPU.Build.0 = Debug|Any CPU
		{BEC2269B-737C-447A-923C-6F96D4267291}.Release|Any CPU.ActiveCfg = Release|Any CPU
		{BEC2269B-737C-447A-923C-6F96D4267291}.Release|Any CPU.Build.0 = Release|Any CPU
		{D1831EE3-4929-4042-B109-23099B1DDA81}.Debug|Any CPU.ActiveCfg = Debug|Any CPU
		{D1831EE3-4929-4042-B109-23099B1DDA81}.Debug|Any CPU.Build.0 = Debug|Any CPU
		{D1831EE3-4929-4042-B109-23099B1DDA81}.Release|Any CPU.ActiveCfg = Release|Any CPU
		{D1831EE3-4929-4042-B109-23099B1DDA81}.Release|Any CPU.Build.0 = Release|Any CPU
	EndGlobalSection
	GlobalSection(SolutionProperties) = preSolution
		HideSolutionNode = FALSE
	EndGlobalSection
	GlobalSection(ExtensibilityGlobals) = postSolution
		SolutionGuid = {55EBA863-F44B-4F2D-A93B-26345A281F80}
	EndGlobalSection
EndGlobal
